
Microsoft Visual Studio Solution File, Format Version 12.00
# Visual Studio Version 16
VisualStudioVersion = 16.0.29920.165
MinimumVisualStudioVersion = 10.0.40219.1
Project("{FAE04EC0-301F-11D3-BF4B-00C04F79EFBC}") = "CityInfo.API", "CityInfo.API\CityInfo.API.csproj", "{EA88CE02-B920-4096-A02A-51F95828A390}"
EndProject
Global
	GlobalSection(SolutionConfigurationPlatforms) = preSolution
		Debug|Any CPU = Debug|Any CPU
		Release|Any CPU = Release|Any CPU
	EndGlobalSection
	GlobalSection(ProjectConfigurationPlatforms) = postSolution
		{EA88CE02-B920-4096-A02A-51F95828A390}.Debug|Any CPU.ActiveCfg = Debug|Any CPU
		{EA88CE02-B920-4096-A02A-51F95828A390}.Debug|Any CPU.Build.0 = Debug|Any CPU
		{EA88CE02-B920-4096-A02A-51F95828A390}.Release|Any CPU.ActiveCfg = Release|Any CPU
		{EA88CE02-B920-4096-A02A-51F95828A390}.Release|Any CPU.Build.0 = Release|Any CPU
	EndGlobalSection
	GlobalSection(SolutionProperties) = preSolution
		HideSolutionNode = FALSE
	EndGlobalSection
	GlobalSection(ExtensibilityGlobals) = postSolution
		SolutionGuid = {1667CD34-E09A-4973-BE7F-1DB27B428DDF}
	EndGlobalSection
EndGlobal
